// !$*UTF8*$!
{
	archiveVersion = 1;
	classes = {
	};
	objectVersion = 46;
	objects = {

/* Begin PBXBuildFile section */
		15381CAE1C8B832B0014E922 /* WifiManager.cpp in Sources */ = {isa = PBXBuildFile; fileRef = 15381CAC1C8B832B0014E922 /* WifiManager.cpp */; };
		15CA0DFB1C88DEEE00DF59BC /* main.cpp in Sources */ = {isa = PBXBuildFile; fileRef = 15CA0DFA1C88DEEE00DF59BC /* main.cpp */; };
		15CA0DFD1C88DEEE00DF59BC /* Makefile in Sources */ = {isa = PBXBuildFile; fileRef = 15CA0DFC1C88DEEE00DF59BC /* Makefile */; };
/* End PBXBuildFile section */

/* Begin PBXFileReference section */
		15381CAC1C8B832B0014E922 /* WifiManager.cpp */ = {isa = PBXFileReference; fileEncoding = 4; lastKnownFileType = sourcecode.cpp.cpp; name = WifiManager.cpp; path = Sketchbook/WifiManager.cpp; sourceTree = "<group>"; };
		15381CAD1C8B832B0014E922 /* WifiManager.h */ = {isa = PBXFileReference; fileEncoding = 4; lastKnownFileType = sourcecode.c.h; name = WifiManager.h; path = Sketchbook/WifiManager.h; sourceTree = "<group>"; };
		15CA0DF71C88DEEE00DF59BC /* Index */ = {isa = PBXFileReference; explicitFileType = "compiled.mach-o.executable"; includeInIndex = 0; path = Index; sourceTree = BUILT_PRODUCTS_DIR; };
		15CA0DFA1C88DEEE00DF59BC /* main.cpp */ = {isa = PBXFileReference; lastKnownFileType = sourcecode.cpp.cpp; path = main.cpp; sourceTree = "<group>"; };
		15CA0DFC1C88DEEE00DF59BC /* Makefile */ = {isa = PBXFileReference; lastKnownFileType = sourcecode.make; path = Makefile; sourceTree = "<group>"; };
		15CA0DFE1C88DEEE00DF59BC /* ReadMe.txt */ = {isa = PBXFileReference; lastKnownFileType = text; path = ReadMe.txt; sourceTree = "<group>"; };
		15CA0E001C88DEEE00DF59BC /* Sketchbook.txt */ = {isa = PBXFileReference; lastKnownFileType = text; name = Sketchbook.txt; path = Sketchbook/Sketchbook.txt; sourceTree = "<group>"; };
		15CA0E231C88DEEE00DF59BC /* ESP8266.xcconfig */ = {isa = PBXFileReference; lastKnownFileType = text.xcconfig; name = ESP8266.xcconfig; path = Configurations/ESP8266.xcconfig; sourceTree = "<group>"; };
		15CA0E601C88DEEE00DF59BC /* ESP8266_165.mk */ = {isa = PBXFileReference; lastKnownFileType = text; name = ESP8266_165.mk; path = Makefiles/ESP8266_165.mk; sourceTree = "<group>"; };
		15CA0E6E1C88DEEE00DF59BC /* About.mk */ = {isa = PBXFileReference; lastKnownFileType = text; name = About.mk; path = Makefiles/About.mk; sourceTree = "<group>"; };
		15CA0E6F1C88DEEE00DF59BC /* Step1.mk */ = {isa = PBXFileReference; lastKnownFileType = text; name = Step1.mk; path = Makefiles/Step1.mk; sourceTree = "<group>"; };
		15CA0E701C88DEEE00DF59BC /* Step2.mk */ = {isa = PBXFileReference; lastKnownFileType = text; name = Step2.mk; path = Makefiles/Step2.mk; sourceTree = "<group>"; };
		15CA0E711C88DEEE00DF59BC /* Avrdude.mk */ = {isa = PBXFileReference; lastKnownFileType = text; name = Avrdude.mk; path = Makefiles/Avrdude.mk; sourceTree = "<group>"; };
		15CA0E731C88DEEE00DF59BC /* reset_maple.py */ = {isa = PBXFileReference; lastKnownFileType = text.script.python; name = reset_maple.py; path = Utilities/reset_maple.py; sourceTree = "<group>"; };
		15CA0E741C88DEEE00DF59BC /* reset_1200.py */ = {isa = PBXFileReference; lastKnownFileType = text.script.python; name = reset_1200.py; path = Utilities/reset_1200.py; sourceTree = "<group>"; };
		15CA0E751C88DEEE00DF59BC /* embedXcode_prepare */ = {isa = PBXFileReference; lastKnownFileType = "compiled.mach-o.executable"; name = embedXcode_prepare; path = Utilities/embedXcode_prepare; sourceTree = "<group>"; };
		15CA0E761C88DEEE00DF59BC /* embedXcode_check */ = {isa = PBXFileReference; lastKnownFileType = "compiled.mach-o.executable"; name = embedXcode_check; path = Utilities/embedXcode_check; sourceTree = "<group>"; };
		15CA0E771C88DEEE00DF59BC /* embedXcode_chrono */ = {isa = PBXFileReference; lastKnownFileType = "compiled.mach-o.executable"; name = embedXcode_chrono; path = Utilities/embedXcode_chrono; sourceTree = "<group>"; };
		15CA0E781C88DEEE00DF59BC /* TemplateIcon.icns */ = {isa = PBXFileReference; lastKnownFileType = image.icns; name = TemplateIcon.icns; path = Utilities/TemplateIcon.icns; sourceTree = "<group>"; };
		15CA0E791C88DEEE00DF59BC /* uploader_izmir.sh */ = {isa = PBXFileReference; lastKnownFileType = text.script.sh; name = uploader_izmir.sh; path = Utilities/uploader_izmir.sh; sourceTree = "<group>"; };
		15CA0E7A1C88DEEE00DF59BC /* TrainDevice.ino */ = {isa = PBXFileReference; explicitFileType = sourcecode.cpp.cpp; path = TrainDevice.ino; sourceTree = "<group>"; };
		15CA0E8F1C89006600DF59BC /* Status.cpp */ = {isa = PBXFileReference; lastKnownFileType = sourcecode.cpp.cpp; name = Status.cpp; path = Sketchbook/Status.cpp; sourceTree = "<group>"; };
		15CA0E901C89006600DF59BC /* Status.h */ = {isa = PBXFileReference; lastKnownFileType = sourcecode.c.h; name = Status.h; path = Sketchbook/Status.h; sourceTree = "<group>"; };
		15CA0E911C89056400DF59BC /* EepromReader.cpp */ = {isa = PBXFileReference; lastKnownFileType = sourcecode.cpp.cpp; path = EepromReader.cpp; sourceTree = "<group>"; };
		15CA0E921C89056400DF59BC /* EepromReader.h */ = {isa = PBXFileReference; lastKnownFileType = sourcecode.c.h; path = EepromReader.h; sourceTree = "<group>"; };
/* End PBXFileReference section */

/* Begin PBXGroup section */
		15CA0DEB1C88DEED00DF59BC = {
			isa = PBXGroup;
			children = (
				15CA0DF91C88DEEE00DF59BC /* TrainDevice */,
				15CA0DF81C88DEEE00DF59BC /* Products */,
			);
			sourceTree = "<group>";
		};
		15CA0DF81C88DEEE00DF59BC /* Products */ = {
			isa = PBXGroup;
			children = (
				15CA0DF71C88DEEE00DF59BC /* Index */,
			);
			name = Products;
			sourceTree = "<group>";
		};
		15CA0DF91C88DEEE00DF59BC /* TrainDevice */ = {
			isa = PBXGroup;
			children = (
				15CA0DFA1C88DEEE00DF59BC /* main.cpp */,
				15CA0DFC1C88DEEE00DF59BC /* Makefile */,
				15CA0DFE1C88DEEE00DF59BC /* ReadMe.txt */,
				15CA0E7A1C88DEEE00DF59BC /* TrainDevice.ino */,
				15CA0DFF1C88DEEE00DF59BC /* Sketchbook */,
				15CA0E011C88DEEE00DF59BC /* Configurations */,
				15CA0E4E1C88DEEE00DF59BC /* Makefiles */,
				15CA0E721C88DEEE00DF59BC /* Utilities */,
			);
			path = TrainDevice;
			sourceTree = "<group>";
		};
		15CA0DFF1C88DEEE00DF59BC /* Sketchbook */ = {
			isa = PBXGroup;
			children = (
				15CA0E911C89056400DF59BC /* EepromReader.cpp */,
				15CA0E921C89056400DF59BC /* EepromReader.h */,
				15CA0E8F1C89006600DF59BC /* Status.cpp */,
				15CA0E901C89006600DF59BC /* Status.h */,
				15CA0E001C88DEEE00DF59BC /* Sketchbook.txt */,
				15381CAC1C8B832B0014E922 /* WifiManager.cpp */,
				15381CAD1C8B832B0014E922 /* WifiManager.h */,
			);
			name = Sketchbook;
			sourceTree = "<group>";
		};
		15CA0E011C88DEEE00DF59BC /* Configurations */ = {
			isa = PBXGroup;
			children = (
				15CA0E231C88DEEE00DF59BC /* ESP8266.xcconfig */,
			);
			name = Configurations;
			sourceTree = "<group>";
		};
		15CA0E4E1C88DEEE00DF59BC /* Makefiles */ = {
			isa = PBXGroup;
			children = (
				15CA0E601C88DEEE00DF59BC /* ESP8266_165.mk */,
				15CA0E6E1C88DEEE00DF59BC /* About.mk */,
				15CA0E6F1C88DEEE00DF59BC /* Step1.mk */,
				15CA0E701C88DEEE00DF59BC /* Step2.mk */,
				15CA0E711C88DEEE00DF59BC /* Avrdude.mk */,
			);
			name = Makefiles;
			sourceTree = "<group>";
		};
		15CA0E721C88DEEE00DF59BC /* Utilities */ = {
			isa = PBXGroup;
			children = (
				15CA0E731C88DEEE00DF59BC /* reset_maple.py */,
				15CA0E741C88DEEE00DF59BC /* reset_1200.py */,
				15CA0E751C88DEEE00DF59BC /* embedXcode_prepare */,
				15CA0E761C88DEEE00DF59BC /* embedXcode_check */,
				15CA0E771C88DEEE00DF59BC /* embedXcode_chrono */,
				15CA0E781C88DEEE00DF59BC /* TemplateIcon.icns */,
				15CA0E791C88DEEE00DF59BC /* uploader_izmir.sh */,
			);
			name = Utilities;
			sourceTree = "<group>";
		};
/* End PBXGroup section */

/* Begin PBXLegacyTarget section */
		153324491C8B04EF00E2AE95 /* All not Serial */ = {
			isa = PBXLegacyTarget;
			buildArgumentsString = "allns -C \"$(PROJECT)\"";
			buildConfigurationList = 1533244A1C8B04EF00E2AE95 /* Build configuration list for PBXLegacyTarget "All not Serial" */;
			buildPhases = (
			);
			buildToolPath = make;
			buildWorkingDirectory = "";
			dependencies = (
			);
			name = "All not Serial";
			passBuildSettingsInEnvironment = 1;
			productName = All;
		};
		15CA0DF01C88DEEE00DF59BC /* All */ = {
			isa = PBXLegacyTarget;
			buildArgumentsString = "all -C \"$(PROJECT)\"";
			buildConfigurationList = 15CA0E7D1C88DEEE00DF59BC /* Build configuration list for PBXLegacyTarget "All" */;
			buildPhases = (
			);
			buildToolPath = make;
			dependencies = (
			);
			name = All;
			passBuildSettingsInEnvironment = 1;
			productName = All;
		};
		15CA0DF11C88DEEE00DF59BC /* Build */ = {
			isa = PBXLegacyTarget;
			buildArgumentsString = "build -C \"$(PROJECT)\"";
			buildConfigurationList = 15CA0E801C88DEEE00DF59BC /* Build configuration list for PBXLegacyTarget "Build" */;
			buildPhases = (
			);
			buildToolPath = make;
			dependencies = (
			);
			name = Build;
			passBuildSettingsInEnvironment = 1;
			productName = Build;
		};
		15CA0DF21C88DEEE00DF59BC /* Boards */ = {
			isa = PBXLegacyTarget;
			buildArgumentsString = "boards -C \"$(PROJECT)\"";
			buildConfigurationList = 15CA0E831C88DEEE00DF59BC /* Build configuration list for PBXLegacyTarget "Boards" */;
			buildPhases = (
			);
			buildToolPath = make;
			dependencies = (
			);
			name = Boards;
			passBuildSettingsInEnvironment = 1;
			productName = Boards;
		};
		15CA0DF31C88DEEE00DF59BC /* Serial */ = {
			isa = PBXLegacyTarget;
			buildArgumentsString = "serial -C \"$(PROJECT)\"";
			buildConfigurationList = 15CA0E861C88DEEE00DF59BC /* Build configuration list for PBXLegacyTarget "Serial" */;
			buildPhases = (
			);
			buildToolPath = make;
			dependencies = (
			);
			name = Serial;
			passBuildSettingsInEnvironment = 1;
			productName = Serial;
		};
		15CA0DF41C88DEEE00DF59BC /* Upload */ = {
			isa = PBXLegacyTarget;
			buildArgumentsString = "upload -C \"$(PROJECT)\"";
			buildConfigurationList = 15CA0E891C88DEEE00DF59BC /* Build configuration list for PBXLegacyTarget "Upload" */;
			buildPhases = (
			);
			buildToolPath = make;
			dependencies = (
			);
			name = Upload;
			passBuildSettingsInEnvironment = 1;
			productName = Upload;
		};
/* End PBXLegacyTarget section */

/* Begin PBXNativeTarget section */
		15CA0DF61C88DEEE00DF59BC /* Index */ = {
			isa = PBXNativeTarget;
			buildConfigurationList = 15CA0E8C1C88DEEE00DF59BC /* Build configuration list for PBXNativeTarget "Index" */;
			buildPhases = (
				15CA0DF51C88DEEE00DF59BC /* Sources */,
			);
			buildRules = (
			);
			dependencies = (
			);
			name = Index;
			productName = Index;
			productReference = 15CA0DF71C88DEEE00DF59BC /* Index */;
			productType = "com.apple.product-type.tool";
		};
/* End PBXNativeTarget section */

/* Begin PBXProject section */
		15CA0DEC1C88DEED00DF59BC /* Project object */ = {
			isa = PBXProject;
			attributes = {
				LastUpgradeCheck = 0720;
				ORGANIZATIONNAME = CossiniSoftware;
				TargetAttributes = {
					15CA0DF01C88DEEE00DF59BC = {
						CreatedOnToolsVersion = 7.2.1;
					};
					15CA0DF11C88DEEE00DF59BC = {
						CreatedOnToolsVersion = 7.2.1;
					};
					15CA0DF21C88DEEE00DF59BC = {
						CreatedOnToolsVersion = 7.2.1;
					};
					15CA0DF31C88DEEE00DF59BC = {
						CreatedOnToolsVersion = 7.2.1;
					};
					15CA0DF41C88DEEE00DF59BC = {
						CreatedOnToolsVersion = 7.2.1;
					};
					15CA0DF61C88DEEE00DF59BC = {
						CreatedOnToolsVersion = 7.2.1;
					};
				};
			};
			buildConfigurationList = 15CA0DEF1C88DEED00DF59BC /* Build configuration list for PBXProject "TrainDevice" */;
			compatibilityVersion = "Xcode 3.2";
			developmentRegion = English;
			hasScannedForEncodings = 0;
			knownRegions = (
				en,
			);
			mainGroup = 15CA0DEB1C88DEED00DF59BC;
			productRefGroup = 15CA0DF81C88DEEE00DF59BC /* Products */;
			projectDirPath = "";
			projectRoot = "";
			targets = (
				15CA0DF01C88DEEE00DF59BC /* All */,
				153324491C8B04EF00E2AE95 /* All not Serial */,
				15CA0DF11C88DEEE00DF59BC /* Build */,
				15CA0DF21C88DEEE00DF59BC /* Boards */,
				15CA0DF31C88DEEE00DF59BC /* Serial */,
				15CA0DF41C88DEEE00DF59BC /* Upload */,
				15CA0DF61C88DEEE00DF59BC /* Index */,
			);
		};
/* End PBXProject section */

/* Begin PBXSourcesBuildPhase section */
		15CA0DF51C88DEEE00DF59BC /* Sources */ = {
			isa = PBXSourcesBuildPhase;
			buildActionMask = 2147483647;
			files = (
				15381CAE1C8B832B0014E922 /* WifiManager.cpp in Sources */,
				15CA0DFD1C88DEEE00DF59BC /* Makefile in Sources */,
				15CA0DFB1C88DEEE00DF59BC /* main.cpp in Sources */,
			);
			runOnlyForDeploymentPostprocessing = 0;
		};
/* End PBXSourcesBuildPhase section */

/* Begin XCBuildConfiguration section */
		1533244B1C8B04EF00E2AE95 /* Debug */ = {
			isa = XCBuildConfiguration;
			buildSettings = {
				PRODUCT_NAME = "$(TARGET_NAME)";
			};
			name = Debug;
		};
		1533244C1C8B04EF00E2AE95 /* Release */ = {
			isa = XCBuildConfiguration;
			buildSettings = {
				PRODUCT_NAME = "$(TARGET_NAME)";
			};
			name = Release;
		};
		15CA0E7B1C88DEEE00DF59BC /* Debug */ = {
			isa = XCBuildConfiguration;
			baseConfigurationReference = 15CA0E231C88DEEE00DF59BC /* ESP8266.xcconfig */;
			buildSettings = {
				ALWAYS_SEARCH_USER_PATHS = NO;
				CLANG_CXX_LANGUAGE_STANDARD = "gnu++0x";
				CLANG_CXX_LIBRARY = "libc++";
				CLANG_ENABLE_MODULES = YES;
				CLANG_ENABLE_OBJC_ARC = YES;
				CLANG_WARN_BOOL_CONVERSION = YES;
				CLANG_WARN_CONSTANT_CONVERSION = YES;
				CLANG_WARN_DIRECT_OBJC_ISA_USAGE = YES_ERROR;
				CLANG_WARN_EMPTY_BODY = YES;
				CLANG_WARN_ENUM_CONVERSION = YES;
				CLANG_WARN_INT_CONVERSION = YES;
				CLANG_WARN_OBJC_ROOT_CLASS = YES_ERROR;
				CLANG_WARN_UNREACHABLE_CODE = YES;
				CLANG_WARN__DUPLICATE_METHOD_MATCH = YES;
				COPY_PHASE_STRIP = NO;
				DEBUG_INFORMATION_FORMAT = dwarf;
				ENABLE_STRICT_OBJC_MSGSEND = YES;
				ENABLE_TESTABILITY = YES;
				GCC_C_LANGUAGE_STANDARD = gnu99;
				GCC_DYNAMIC_NO_PIC = NO;
				GCC_NO_COMMON_BLOCKS = YES;
				GCC_OPTIMIZATION_LEVEL = 0;
				GCC_PREPROCESSOR_DEFINITIONS = (
					"DEBUG=1",
					"$(inherited)",
				);
				GCC_WARN_64_TO_32_BIT_CONVERSION = YES;
				GCC_WARN_ABOUT_RETURN_TYPE = YES_ERROR;
				GCC_WARN_UNDECLARED_SELECTOR = YES;
				GCC_WARN_UNINITIALIZED_AUTOS = YES_AGGRESSIVE;
				GCC_WARN_UNUSED_FUNCTION = YES;
				GCC_WARN_UNUSED_VARIABLE = YES;
				HEADER_SEARCH_PATHS = "$(inherited)";
				MTL_ENABLE_DEBUG_INFO = YES;
				ONLY_ACTIVE_ARCH = YES;
				PATH = "$(PATH):$(PROJECT_DIR)";
				PRODUCT_NAME = "$(TARGET_NAME)";
				SKETCHBOOK_DIR = "";
				UPDATE_POLICY = 0;
			};
			name = Debug;
		};
		15CA0E7C1C88DEEE00DF59BC /* Release */ = {
			isa = XCBuildConfiguration;
			buildSettings = {
				ALWAYS_SEARCH_USER_PATHS = NO;
				CLANG_CXX_LANGUAGE_STANDARD = "gnu++0x";
				CLANG_CXX_LIBRARY = "libc++";
				CLANG_ENABLE_MODULES = YES;
				CLANG_ENABLE_OBJC_ARC = YES;
				CLANG_WARN_BOOL_CONVERSION = YES;
				CLANG_WARN_CONSTANT_CONVERSION = YES;
				CLANG_WARN_DIRECT_OBJC_ISA_USAGE = YES_ERROR;
				CLANG_WARN_EMPTY_BODY = YES;
				CLANG_WARN_ENUM_CONVERSION = YES;
				CLANG_WARN_INT_CONVERSION = YES;
				CLANG_WARN_OBJC_ROOT_CLASS = YES_ERROR;
				CLANG_WARN_UNREACHABLE_CODE = YES;
				CLANG_WARN__DUPLICATE_METHOD_MATCH = YES;
				COPY_PHASE_STRIP = NO;
				DEBUG_INFORMATION_FORMAT = "dwarf-with-dsym";
				ENABLE_NS_ASSERTIONS = NO;
				ENABLE_STRICT_OBJC_MSGSEND = YES;
				GCC_C_LANGUAGE_STANDARD = gnu99;
				GCC_NO_COMMON_BLOCKS = YES;
				GCC_WARN_64_TO_32_BIT_CONVERSION = YES;
				GCC_WARN_ABOUT_RETURN_TYPE = YES_ERROR;
				GCC_WARN_UNDECLARED_SELECTOR = YES;
				GCC_WARN_UNINITIALIZED_AUTOS = YES_AGGRESSIVE;
				GCC_WARN_UNUSED_FUNCTION = YES;
				GCC_WARN_UNUSED_VARIABLE = YES;
				HEADER_SEARCH_PATHS = "$(inherited)";
				MTL_ENABLE_DEBUG_INFO = NO;
				PATH = "$(PATH):$(PROJECT_DIR)";
				PRODUCT_NAME = "$(TARGET_NAME)";
				SKETCHBOOK_DIR = "";
				UPDATE_POLICY = 0;
			};
			name = Release;
		};
		15CA0E7E1C88DEEE00DF59BC /* Debug */ = {
			isa = XCBuildConfiguration;
			buildSettings = {
				PRODUCT_NAME = "$(TARGET_NAME)";
			};
			name = Debug;
		};
		15CA0E7F1C88DEEE00DF59BC /* Release */ = {
			isa = XCBuildConfiguration;
			buildSettings = {
				PRODUCT_NAME = "$(TARGET_NAME)";
			};
			name = Release;
		};
		15CA0E811C88DEEE00DF59BC /* Debug */ = {
			isa = XCBuildConfiguration;
			buildSettings = {
			};
			name = Debug;
		};
		15CA0E821C88DEEE00DF59BC /* Release */ = {
			isa = XCBuildConfiguration;
			buildSettings = {
			};
			name = Release;
		};
		15CA0E841C88DEEE00DF59BC /* Debug */ = {
			isa = XCBuildConfiguration;
			buildSettings = {
			};
			name = Debug;
		};
		15CA0E851C88DEEE00DF59BC /* Release */ = {
			isa = XCBuildConfiguration;
			buildSettings = {
			};
			name = Release;
		};
		15CA0E871C88DEEE00DF59BC /* Debug */ = {
			isa = XCBuildConfiguration;
			buildSettings = {
			};
			name = Debug;
		};
		15CA0E881C88DEEE00DF59BC /* Release */ = {
			isa = XCBuildConfiguration;
			buildSettings = {
			};
			name = Release;
		};
		15CA0E8A1C88DEEE00DF59BC /* Debug */ = {
			isa = XCBuildConfiguration;
			buildSettings = {
			};
			name = Debug;
		};
		15CA0E8B1C88DEEE00DF59BC /* Release */ = {
			isa = XCBuildConfiguration;
			buildSettings = {
			};
			name = Release;
		};
		15CA0E8D1C88DEEE00DF59BC /* Debug */ = {
			isa = XCBuildConfiguration;
			buildSettings = {
			};
			name = Debug;
		};
		15CA0E8E1C88DEEE00DF59BC /* Release */ = {
			isa = XCBuildConfiguration;
			buildSettings = {
			};
			name = Release;
		};
/* End XCBuildConfiguration section */

/* Begin XCConfigurationList section */
		1533244A1C8B04EF00E2AE95 /* Build configuration list for PBXLegacyTarget "All not Serial" */ = {
			isa = XCConfigurationList;
			buildConfigurations = (
				1533244B1C8B04EF00E2AE95 /* Debug */,
				1533244C1C8B04EF00E2AE95 /* Release */,
			);
			defaultConfigurationIsVisible = 0;
			defaultConfigurationName = Release;
		};
		15CA0DEF1C88DEED00DF59BC /* Build configuration list for PBXProject "TrainDevice" */ = {
			isa = XCConfigurationList;
			buildConfigurations = (
				15CA0E7B1C88DEEE00DF59BC /* Debug */,
				15CA0E7C1C88DEEE00DF59BC /* Release */,
			);
			defaultConfigurationIsVisible = 0;
			defaultConfigurationName = Release;
		};
		15CA0E7D1C88DEEE00DF59BC /* Build configuration list for PBXLegacyTarget "All" */ = {
			isa = XCConfigurationList;
			buildConfigurations = (
				15CA0E7E1C88DEEE00DF59BC /* Debug */,
				15CA0E7F1C88DEEE00DF59BC /* Release */,
			);
			defaultConfigurationIsVisible = 0;
			defaultConfigurationName = Release;
		};
		15CA0E801C88DEEE00DF59BC /* Build configuration list for PBXLegacyTarget "Build" */ = {
			isa = XCConfigurationList;
			buildConfigurations = (
				15CA0E811C88DEEE00DF59BC /* Debug */,
				15CA0E821C88DEEE00DF59BC /* Release */,
			);
			defaultConfigurationIsVisible = 0;
			defaultConfigurationName = Release;
		};
		15CA0E831C88DEEE00DF59BC /* Build configuration list for PBXLegacyTarget "Boards" */ = {
			isa = XCConfigurationList;
			buildConfigurations = (
				15CA0E841C88DEEE00DF59BC /* Debug */,
				15CA0E851C88DEEE00DF59BC /* Release */,
			);
			defaultConfigurationIsVisible = 0;
			defaultConfigurationName = Release;
		};
		15CA0E861C88DEEE00DF59BC /* Build configuration list for PBXLegacyTarget "Serial" */ = {
			isa = XCConfigurationList;
			buildConfigurations = (
				15CA0E871C88DEEE00DF59BC /* Debug */,
				15CA0E881C88DEEE00DF59BC /* Release */,
			);
			defaultConfigurationIsVisible = 0;
			defaultConfigurationName = Release;
		};
		15CA0E891C88DEEE00DF59BC /* Build configuration list for PBXLegacyTarget "Upload" */ = {
			isa = XCConfigurationList;
			buildConfigurations = (
				15CA0E8A1C88DEEE00DF59BC /* Debug */,
				15CA0E8B1C88DEEE00DF59BC /* Release */,
			);
			defaultConfigurationIsVisible = 0;
			defaultConfigurationName = Release;
		};
		15CA0E8C1C88DEEE00DF59BC /* Build configuration list for PBXNativeTarget "Index" */ = {
			isa = XCConfigurationList;
			buildConfigurations = (
				15CA0E8D1C88DEEE00DF59BC /* Debug */,
				15CA0E8E1C88DEEE00DF59BC /* Release */,
			);
			defaultConfigurationIsVisible = 0;
			defaultConfigurationName = Release;
		};
/* End XCConfigurationList section */
	};
	rootObject = 15CA0DEC1C88DEED00DF59BC /* Project object */;
}
